<?xml version="1.0" encoding="utf-8"?>
<Project ToolsVersion="4.0" xmlns="http://schemas.microsoft.com/developer/msbuild/2003">
  <ItemGroup>
    <Filter Include="Quelldateien">
      <UniqueIdentifier>{4FC737F1-C7A5-4376-A066-2A32D752A2FF}</UniqueIdentifier>
      <Extensions>cpp;c;cc;cxx;def;odl;idl;hpj;bat;asm;asmx</Extensions>
    </Filter>
    <Filter Include="Headerdateien">
      <UniqueIdentifier>{93995380-89BD-4b04-88EB-625FBE52EBFB}</UniqueIdentifier>
      <Extensions>h;hh;hpp;hxx;hm;inl;inc;xsd</Extensions>
    </Filter>
    <Filter Include="Ressourcendateien">
      <UniqueIdentifier>{67DA6AB6-F800-4c08-8B7A-83BB121AAD01}</UniqueIdentifier>
      <Extensions>rc;ico;cur;bmp;dlg;rc2;rct;bin;rgs;gif;jpg;jpeg;jpe;resx;tiff;tif;png;wav;mfcribbon-ms</Extensions>
    </Filter>
  </ItemGroup>
  <ItemGroup>
    <ClInclude Include="stdafx.h">
      <Filter>Headerdateien</Filter>
    </ClInclude>
    <ClInclude Include="targetver.h">
      <Filter>Headerdateien</Filter>
    </ClInclude>
    <ClInclude Include="JRuntime.h">
      <Filter>Headerdateien</Filter>
    </ClInclude>
    <ClInclude Include="Globals.h">
      <Filter>Headerdateien</Filter>
    </ClInclude>
    <ClInclude Include="TypeParser.h">
      <Filter>Headerdateien</Filter>
    </ClInclude>
    <ClInclude Include="TypeParsers.h">
      <Filter>Headerdateien</Filter>
    </ClInclude>
    <ClInclude Include="NativeExports.h">
      <Filter>Headerdateien</Filter>
    </ClInclude>
    <ClInclude Include="JTypes.h">
      <Filter>Headerdateien</Filter>
    </ClInclude>
    <ClInclude Include="JExports.h">
      <Filter>Headerdateien</Filter>
    </ClInclude>
    <ClInclude Include="PEBParser.h">
      <Filter>Headerdateien</Filter>
    </ClInclude>
    <ClInclude Include="Hook.h">
      <Filter>Headerdateien</Filter>
    </ClInclude>
    <ClInclude Include="Assembler.h">
      <Filter>Headerdateien</Filter>
    </ClInclude>
    <ClInclude Include="Disassembler.h">
      <Filter>Headerdateien</Filter>
    </ClInclude>
    <ClInclude Include="JCallback.h">
      <Filter>Headerdateien</Filter>
    </ClInclude>
    <ClInclude Include="JCall.h">
      <Filter>Headerdateien</Filter>
    </ClInclude>
    <ClInclude Include="JManualCallback.h">
      <Filter>Headerdateien</Filter>
    </ClInclude>
    <ClInclude Include="ArrayParser.h">
      <Filter>Headerdateien</Filter>
    </ClInclude>
    <ClInclude Include="Resource.h">
      <Filter>Headerdateien</Filter>
    </ClInclude>
    <ClInclude Include="ArgumentResolver.h">
      <Filter>Headerdateien</Filter>
    </ClInclude>
    <ClInclude Include="JException.h">
      <Filter>Headerdateien</Filter>
    </ClInclude>
    <ClInclude Include="JLog.h">
      <Filter>Headerdateien</Filter>
    </ClInclude>
    <ClInclude Include="JUi.h">
      <Filter>Headerdateien</Filter>
    </ClInclude>
  </ItemGroup>
  <ItemGroup>
    <ClCompile Include="stdafx.cpp">
      <Filter>Quelldateien</Filter>
    </ClCompile>
    <ClCompile Include="JavascriptRuntime.cpp">
      <Filter>Quelldateien</Filter>
    </ClCompile>
    <ClCompile Include="dllmain.cpp">
      <Filter>Quelldateien</Filter>
    </ClCompile>
    <ClCompile Include="JRuntime.cpp">
      <Filter>Quelldateien</Filter>
    </ClCompile>
    <ClCompile Include="Globals.cpp">
      <Filter>Quelldateien</Filter>
    </ClCompile>
    <ClCompile Include="TypeParser.cpp">
      <Filter>Quelldateien</Filter>
    </ClCompile>
    <ClCompile Include="NativeExports.cpp">
      <Filter>Quelldateien</Filter>
    </ClCompile>
    <ClCompile Include="PEBParser.cpp">
      <Filter>Quelldateien</Filter>
    </ClCompile>
    <ClCompile Include="Hook.cpp">
      <Filter>Quelldateien</Filter>
    </ClCompile>
    <ClCompile Include="Assembler.cpp">
      <Filter>Quelldateien</Filter>
    </ClCompile>
    <ClCompile Include="Disassembler.cpp">
      <Filter>Quelldateien</Filter>
    </ClCompile>
    <ClCompile Include="JCallback.cpp">
      <Filter>Quelldateien</Filter>
    </ClCompile>
    <ClCompile Include="JCall.cpp">
      <Filter>Quelldateien</Filter>
    </ClCompile>
    <ClCompile Include="JManualCallback.cpp">
      <Filter>Quelldateien</Filter>
    </ClCompile>
    <ClCompile Include="Resource.cpp">
      <Filter>Quelldateien</Filter>
    </ClCompile>
    <ClCompile Include="ArgumentResolver.cpp">
      <Filter>Quelldateien</Filter>
    </ClCompile>
    <ClCompile Include="JException.cpp">
      <Filter>Quelldateien</Filter>
    </ClCompile>
    <ClCompile Include="JLog.cpp">
      <Filter>Quelldateien</Filter>
    </ClCompile>
    <ClCompile Include="JUi.cpp">
      <Filter>Quelldateien</Filter>
    </ClCompile>
  </ItemGroup>
</Project>